<?xml version="1.0" encoding="utf-8"?>
<Project ToolsVersion="4.0" xmlns="http://schemas.microsoft.com/developer/msbuild/2003">
  <ItemGroup>
    <Filter Include="ソース ファイル">
      <UniqueIdentifier>{4FC737F1-C7A5-4376-A066-2A32D752A2FF}</UniqueIdentifier>
      <Extensions>cpp;c;cc;cxx;c++;cppm;ixx;def;odl;idl;hpj;bat;asm;asmx</Extensions>
    </Filter>
    <Filter Include="ヘッダー ファイル">
      <UniqueIdentifier>{93995380-89BD-4b04-88EB-625FBE52EBFB}</UniqueIdentifier>
      <Extensions>h;hh;hpp;hxx;h++;hm;inl;inc;ipp;xsd</Extensions>
    </Filter>
    <Filter Include="リソース ファイル">
      <UniqueIdentifier>{67DA6AB6-F800-4c08-8B7A-83BB121AAD01}</UniqueIdentifier>
      <Extensions>rc;ico;cur;bmp;dlg;rc2;rct;bin;rgs;gif;jpg;jpeg;jpe;resx;tiff;tif;png;wav;mfcribbon-ms</Extensions>
    </Filter>
    <Filter Include="ソース ファイル\System">
      <UniqueIdentifier>{aa4e8e32-1ee4-4421-96b5-f9f956de043d}</UniqueIdentifier>
    </Filter>
    <Filter Include="ヘッダー ファイル\System">
      <UniqueIdentifier>{dd2451c7-64a6-4f84-972b-85af8d77dcfd}</UniqueIdentifier>
    </Filter>
    <Filter Include="ヘッダー ファイル\System\Input">
      <UniqueIdentifier>{85c753b8-a7d5-46b0-b11e-df9a59f68695}</UniqueIdentifier>
    </Filter>
    <Filter Include="ソース ファイル\System\Input">
      <UniqueIdentifier>{9c0e25a7-7e7e-4b89-b742-012b54fb0dc8}</UniqueIdentifier>
    </Filter>
    <Filter Include="ソース ファイル\Game">
      <UniqueIdentifier>{3968243e-b5ab-4bd6-9315-ecf7d215203b}</UniqueIdentifier>
    </Filter>
    <Filter Include="ヘッダー ファイル\System\Game">
      <UniqueIdentifier>{eca0082e-3e81-4380-b2c6-059ea0cf6d95}</UniqueIdentifier>
    </Filter>
  </ItemGroup>
  <ItemGroup>
    <ClInclude Include="src\InputPad.h">
      <Filter>ヘッダー ファイル\System\Input</Filter>
    </ClInclude>
    <ClInclude Include="src\InputMouse.h">
      <Filter>ヘッダー ファイル\System\Input</Filter>
    </ClInclude>
    <ClInclude Include="src\InputKey.h">
      <Filter>ヘッダー ファイル\System\Input</Filter>
    </ClInclude>
    <ClInclude Include="src\WinMain.h">
      <Filter>ヘッダー ファイル\System\Game</Filter>
    </ClInclude>
    <ClInclude Include="src\GameMain.h">
      <Filter>ヘッダー ファイル\System\Game</Filter>
    </ClInclude>
  </ItemGroup>
  <ItemGroup>
    <ClCompile Include="src\InputKey.cpp">
      <Filter>ソース ファイル\System\Input</Filter>
    </ClCompile>
    <ClCompile Include="src\InputMouse.cpp">
      <Filter>ソース ファイル\System\Input</Filter>
    </ClCompile>
    <ClCompile Include="src\InputPad.cpp">
      <Filter>ソース ファイル\System\Input</Filter>
    </ClCompile>
    <ClCompile Include="src\GameMain.cpp">
      <Filter>ソース ファイル\Game</Filter>
    </ClCompile>
    <ClCompile Include="src\WinMain.cpp">
      <Filter>ソース ファイル\Game</Filter>
    </ClCompile>
  </ItemGroup>
</Project>