
Microsoft Visual Studio Solution File, Format Version 12.00
# Visual Studio Version 17
VisualStudioVersion = 17.5.33516.290
MinimumVisualStudioVersion = 10.0.40219.1
Project("{8BC9CEB8-8B4A-11D0-8D11-00A0C91BC942}") = "0214", "0214.vcxproj", "{FC77936D-E0F8-4571-B376-B5B9D450C7A5}"
EndProject
Global
	GlobalSection(SolutionConfigurationPlatforms) = preSolution
		Debug|x64 = Debug|x64
		Debug|x86 = Debug|x86
		Release|x64 = Release|x64
		Release|x86 = Release|x86
	EndGlobalSection
	GlobalSection(ProjectConfigurationPlatforms) = postSolution
		{FC77936D-E0F8-4571-B376-B5B9D450C7A5}.Debug|x64.ActiveCfg = Debug|x64
		{FC77936D-E0F8-4571-B376-B5B9D450C7A5}.Debug|x64.Build.0 = Debug|x64
		{FC77936D-E0F8-4571-B376-B5B9D450C7A5}.Debug|x86.ActiveCfg = Debug|Win32
		{FC77936D-E0F8-4571-B376-B5B9D450C7A5}.Debug|x86.Build.0 = Debug|Win32
		{FC77936D-E0F8-4571-B376-B5B9D450C7A5}.Release|x64.ActiveCfg = Release|x64
		{FC77936D-E0F8-4571-B376-B5B9D450C7A5}.Release|x64.Build.0 = Release|x64
		{FC77936D-E0F8-4571-B376-B5B9D450C7A5}.Release|x86.ActiveCfg = Release|Win32
		{FC77936D-E0F8-4571-B376-B5B9D450C7A5}.Release|x86.Build.0 = Release|Win32
	EndGlobalSection
	GlobalSection(SolutionProperties) = preSolution
		HideSolutionNode = FALSE
	EndGlobalSection
	GlobalSection(ExtensibilityGlobals) = postSolution
		SolutionGuid = {158A596B-E6B2-4232-AA20-B7342F453FA5}
	EndGlobalSection
EndGlobal
